
Microsoft Visual Studio Solution File, Format Version 12.00
# Visual Studio Version 17
VisualStudioVersion = 17.8.34322.80
MinimumVisualStudioVersion = 10.0.40219.1
Project("{9A19103F-16F7-4668-BE54-9A1E7A4F7556}") = "PortfolioProject.Web", "PortfolioProject\PortfolioProject.Web.csproj", "{3B7BD822-951C-48E2-AA8C-83B8751F1A4A}"
EndProject
Project("{9A19103F-16F7-4668-BE54-9A1E7A4F7556}") = "DataAccess", "DataAccess\DataAccess.csproj", "{54FAAB11-8E01-481B-9116-A7F19B48E2B2}"
EndProject
Project("{9A19103F-16F7-4668-BE54-9A1E7A4F7556}") = "Entity", "Entity\Entity.csproj", "{8D3D7850-B9CA-42F8-8191-1D4444B77422}"
EndProject
Project("{9A19103F-16F7-4668-BE54-9A1E7A4F7556}") = "Utility", "Utility\Utility.csproj", "{D5DB7FD5-7A32-4EFB-93CC-18CA4D70B918}"
EndProject
Global
	GlobalSection(SolutionConfigurationPlatforms) = preSolution
		Debug|Any CPU = Debug|Any CPU
		Release|Any CPU = Release|Any CPU
	EndGlobalSection
	GlobalSection(ProjectConfigurationPlatforms) = postSolution
		{3B7BD822-951C-48E2-AA8C-83B8751F1A4A}.Debug|Any CPU.ActiveCfg = Debug|Any CPU
		{3B7BD822-951C-48E2-AA8C-83B8751F1A4A}.Debug|Any CPU.Build.0 = Debug|Any CPU
		{3B7BD822-951C-48E2-AA8C-83B8751F1A4A}.Release|Any CPU.ActiveCfg = Release|Any CPU
		{3B7BD822-951C-48E2-AA8C-83B8751F1A4A}.Release|Any CPU.Build.0 = Release|Any CPU
		{54FAAB11-8E01-481B-9116-A7F19B48E2B2}.Debug|Any CPU.ActiveCfg = Debug|Any CPU
		{54FAAB11-8E01-481B-9116-A7F19B48E2B2}.Debug|Any CPU.Build.0 = Debug|Any CPU
		{54FAAB11-8E01-481B-9116-A7F19B48E2B2}.Release|Any CPU.ActiveCfg = Release|Any CPU
		{54FAAB11-8E01-481B-9116-A7F19B48E2B2}.Release|Any CPU.Build.0 = Release|Any CPU
		{8D3D7850-B9CA-42F8-8191-1D4444B77422}.Debug|Any CPU.ActiveCfg = Debug|Any CPU
		{8D3D7850-B9CA-42F8-8191-1D4444B77422}.Debug|Any CPU.Build.0 = Debug|Any CPU
		{8D3D7850-B9CA-42F8-8191-1D4444B77422}.Release|Any CPU.ActiveCfg = Release|Any CPU
		{8D3D7850-B9CA-42F8-8191-1D4444B77422}.Release|Any CPU.Build.0 = Release|Any CPU
		{D5DB7FD5-7A32-4EFB-93CC-18CA4D70B918}.Debug|Any CPU.ActiveCfg = Debug|Any CPU
		{D5DB7FD5-7A32-4EFB-93CC-18CA4D70B918}.Debug|Any CPU.Build.0 = Debug|Any CPU
		{D5DB7FD5-7A32-4EFB-93CC-18CA4D70B918}.Release|Any CPU.ActiveCfg = Release|Any CPU
		{D5DB7FD5-7A32-4EFB-93CC-18CA4D70B918}.Release|Any CPU.Build.0 = Release|Any CPU
	EndGlobalSection
	GlobalSection(SolutionProperties) = preSolution
		HideSolutionNode = FALSE
	EndGlobalSection
	GlobalSection(ExtensibilityGlobals) = postSolution
		SolutionGuid = {442D4FA6-3915-4360-B150-685941D1BB19}
	EndGlobalSection
EndGlobal
