
Microsoft Visual Studio Solution File, Format Version 12.00
# Visual Studio Version 17
VisualStudioVersion = 17.8.34322.80
MinimumVisualStudioVersion = 10.0.40219.1
Project("{FAE04EC0-301F-11D3-BF4B-00C04F79EFBC}") = "PortfolioProject", "PortfolioProject\PortfolioProject.csproj", "{3B7BD822-951C-48E2-AA8C-83B8751F1A4A}"
EndProject
Global
	GlobalSection(SolutionConfigurationPlatforms) = preSolution
		Debug|Any CPU = Debug|Any CPU
		Release|Any CPU = Release|Any CPU
	EndGlobalSection
	GlobalSection(ProjectConfigurationPlatforms) = postSolution
		{3B7BD822-951C-48E2-AA8C-83B8751F1A4A}.Debug|Any CPU.ActiveCfg = Debug|Any CPU
		{3B7BD822-951C-48E2-AA8C-83B8751F1A4A}.Debug|Any CPU.Build.0 = Debug|Any CPU
		{3B7BD822-951C-48E2-AA8C-83B8751F1A4A}.Release|Any CPU.ActiveCfg = Release|Any CPU
		{3B7BD822-951C-48E2-AA8C-83B8751F1A4A}.Release|Any CPU.Build.0 = Release|Any CPU
	EndGlobalSection
	GlobalSection(SolutionProperties) = preSolution
		HideSolutionNode = FALSE
	EndGlobalSection
	GlobalSection(ExtensibilityGlobals) = postSolution
		SolutionGuid = {442D4FA6-3915-4360-B150-685941D1BB19}
	EndGlobalSection
EndGlobal
